
Microsoft Visual Studio Solution File, Format Version 12.00
# Visual Studio Version 17
VisualStudioVersion = 17.10.35122.118
MinimumVisualStudioVersion = 10.0.40219.1
Project("{8BC9CEB8-8B4A-11D0-8D11-00A0C91BC942}") = "ComputerGraphics", "ComputerGraphics\ComputerGraphics.vcxproj", "{4DA85F9D-F52C-4247-B6FF-3AC2890CA974}"
EndProject
Global
	GlobalSection(SolutionConfigurationPlatforms) = preSolution
		Debug|x64 = Debug|x64
		Debug|x86 = Debug|x86
		Release|x64 = Release|x64
		Release|x86 = Release|x86
	EndGlobalSection
	GlobalSection(ProjectConfigurationPlatforms) = postSolution
		{4DA85F9D-F52C-4247-B6FF-3AC2890CA974}.Debug|x64.ActiveCfg = Debug|x64
		{4DA85F9D-F52C-4247-B6FF-3AC2890CA974}.Debug|x64.Build.0 = Debug|x64
		{4DA85F9D-F52C-4247-B6FF-3AC2890CA974}.Debug|x86.ActiveCfg = Debug|Win32
		{4DA85F9D-F52C-4247-B6FF-3AC2890CA974}.Debug|x86.Build.0 = Debug|Win32
		{4DA85F9D-F52C-4247-B6FF-3AC2890CA974}.Release|x64.ActiveCfg = Release|x64
		{4DA85F9D-F52C-4247-B6FF-3AC2890CA974}.Release|x64.Build.0 = Release|x64
		{4DA85F9D-F52C-4247-B6FF-3AC2890CA974}.Release|x86.ActiveCfg = Release|Win32
		{4DA85F9D-F52C-4247-B6FF-3AC2890CA974}.Release|x86.Build.0 = Release|Win32
	EndGlobalSection
	GlobalSection(SolutionProperties) = preSolution
		HideSolutionNode = FALSE
	EndGlobalSection
	GlobalSection(ExtensibilityGlobals) = postSolution
		SolutionGuid = {FC876FAF-2958-4E61-AE79-7AD0C9C4FFBD}
	EndGlobalSection
EndGlobal
